
Microsoft Visual Studio Solution File, Format Version 12.00
# Visual Studio Version 17
VisualStudioVersion = 17.0.31903.59
MinimumVisualStudioVersion = 10.0.40219.1
Project("{FAE04EC0-301F-11D3-BF4B-00C04F79EFBC}") = "MÉTODO DE EXTENSÃO, DICIONÁRIOS, PARÂMETROS OPCIONAIS E DELEGATES", "MÉTODO DE EXTENSÃO, DICIONÁRIOS, PARÂMETROS OPCIONAIS E DELEGATES\MÉTODO DE EXTENSÃO, DICIONÁRIOS, PARÂMETROS OPCIONAIS E DELEGATES.csproj", "{BAB755F8-7D65-44D7-A9BC-86B273CE6873}"
EndProject
Project("{FAE04EC0-301F-11D3-BF4B-00C04F79EFBC}") = "aprendendoLINQ", "..\Cap8\aprendendoLINQ\aprendendoLINQ.csproj", "{14866CAE-E501-4340-B362-F23BF21C2FBB}"
EndProject
Project("{FAE04EC0-301F-11D3-BF4B-00C04F79EFBC}") = "Cap9", "..\Cap9\Cap9.csproj", "{1F94C355-7C73-4FCA-A2A1-0879E765BC1A}"
EndProject
Global
	GlobalSection(SolutionConfigurationPlatforms) = preSolution
		Debug|Any CPU = Debug|Any CPU
		Release|Any CPU = Release|Any CPU
	EndGlobalSection
	GlobalSection(SolutionProperties) = preSolution
		HideSolutionNode = FALSE
	EndGlobalSection
	GlobalSection(ProjectConfigurationPlatforms) = postSolution
		{BAB755F8-7D65-44D7-A9BC-86B273CE6873}.Debug|Any CPU.ActiveCfg = Debug|Any CPU
		{BAB755F8-7D65-44D7-A9BC-86B273CE6873}.Debug|Any CPU.Build.0 = Debug|Any CPU
		{BAB755F8-7D65-44D7-A9BC-86B273CE6873}.Release|Any CPU.ActiveCfg = Release|Any CPU
		{BAB755F8-7D65-44D7-A9BC-86B273CE6873}.Release|Any CPU.Build.0 = Release|Any CPU
		{15D27842-749C-41DD-9F87-B07AF2E7CAB8}.Debug|Any CPU.ActiveCfg = Debug|Any CPU
		{15D27842-749C-41DD-9F87-B07AF2E7CAB8}.Debug|Any CPU.Build.0 = Debug|Any CPU
		{15D27842-749C-41DD-9F87-B07AF2E7CAB8}.Release|Any CPU.ActiveCfg = Release|Any CPU
		{15D27842-749C-41DD-9F87-B07AF2E7CAB8}.Release|Any CPU.Build.0 = Release|Any CPU
		{14866CAE-E501-4340-B362-F23BF21C2FBB}.Debug|Any CPU.ActiveCfg = Debug|Any CPU
		{14866CAE-E501-4340-B362-F23BF21C2FBB}.Debug|Any CPU.Build.0 = Debug|Any CPU
		{14866CAE-E501-4340-B362-F23BF21C2FBB}.Release|Any CPU.ActiveCfg = Release|Any CPU
		{14866CAE-E501-4340-B362-F23BF21C2FBB}.Release|Any CPU.Build.0 = Release|Any CPU
		{1F94C355-7C73-4FCA-A2A1-0879E765BC1A}.Debug|Any CPU.ActiveCfg = Debug|Any CPU
		{1F94C355-7C73-4FCA-A2A1-0879E765BC1A}.Debug|Any CPU.Build.0 = Debug|Any CPU
		{1F94C355-7C73-4FCA-A2A1-0879E765BC1A}.Release|Any CPU.ActiveCfg = Release|Any CPU
		{1F94C355-7C73-4FCA-A2A1-0879E765BC1A}.Release|Any CPU.Build.0 = Release|Any CPU
	EndGlobalSection
EndGlobal
